
Microsoft Visual Studio Solution File, Format Version 12.00
# Visual Studio 2013
VisualStudioVersion = 12.0.31101.0
MinimumVisualStudioVersion = 10.0.40219.1
Project("{FAE04EC0-301F-11D3-BF4B-00C04F79EFBC}") = "MvvmLight_Sample", "MvvmLight-Sample\MvvmLight_Sample\MvvmLight_Sample.csproj", "{8423B1D5-6FCA-4604-88FB-C6E20FE15486}"
EndProject
Project("{FAE04EC0-301F-11D3-BF4B-00C04F79EFBC}") = "MvvmLight_Sample.iOS", "MvvmLight-Sample\MvvmLight_Sample.iOS\MvvmLight_Sample.iOS.csproj", "{8D03DFF4-46B8-423D-86F4-B3EAFC3A6AFE}"
EndProject
Project("{FAE04EC0-301F-11D3-BF4B-00C04F79EFBC}") = "MvvmLight_Sample.Android", "MvvmLight-Sample\MvvmLight_Sample.Android\MvvmLight_Sample.Android.csproj", "{E3D246B2-6599-410A-8408-FF6A46DF1694}"
EndProject
Project("{FAE04EC0-301F-11D3-BF4B-00C04F79EFBC}") = "MvvmLight_Sample.WinPhone", "MvvmLight-Sample\MvvmLight_Sample.WinPhone\MvvmLight_Sample.WinPhone.csproj", "{D94D9769-FAF9-488E-B981-79C22E22A434}"
EndProject
Project("{2150E333-8FDC-42A3-9474-1A3956D46DE8}") = "Sample", "Sample", "{C6B0C298-7DB9-4BC1-9E60-B0F854F8DFCA}"
EndProject
Project("{2150E333-8FDC-42A3-9474-1A3956D46DE8}") = "Core", "Core", "{6A39CD2B-634E-497E-B008-CAB7E25C7A6C}"
EndProject
Project("{FAE04EC0-301F-11D3-BF4B-00C04F79EFBC}") = "Mvvm.Core", "Mvvm.Core\Mvvm.Core.csproj", "{67F9D3A8-F71E-4428-913F-C37AE82CDB24}"
EndProject
Global
	GlobalSection(SolutionConfigurationPlatforms) = preSolution
		Ad-Hoc|Any CPU = Ad-Hoc|Any CPU
		Ad-Hoc|ARM = Ad-Hoc|ARM
		Ad-Hoc|iPhone = Ad-Hoc|iPhone
		Ad-Hoc|iPhoneSimulator = Ad-Hoc|iPhoneSimulator
		Ad-Hoc|Mixed Platforms = Ad-Hoc|Mixed Platforms
		Ad-Hoc|x86 = Ad-Hoc|x86
		AppStore|Any CPU = AppStore|Any CPU
		AppStore|ARM = AppStore|ARM
		AppStore|iPhone = AppStore|iPhone
		AppStore|iPhoneSimulator = AppStore|iPhoneSimulator
		AppStore|Mixed Platforms = AppStore|Mixed Platforms
		AppStore|x86 = AppStore|x86
		Debug|Any CPU = Debug|Any CPU
		Debug|ARM = Debug|ARM
		Debug|iPhone = Debug|iPhone
		Debug|iPhoneSimulator = Debug|iPhoneSimulator
		Debug|Mixed Platforms = Debug|Mixed Platforms
		Debug|x86 = Debug|x86
		Release|Any CPU = Release|Any CPU
		Release|ARM = Release|ARM
		Release|iPhone = Release|iPhone
		Release|iPhoneSimulator = Release|iPhoneSimulator
		Release|Mixed Platforms = Release|Mixed Platforms
		Release|x86 = Release|x86
	EndGlobalSection
	GlobalSection(ProjectConfigurationPlatforms) = postSolution
		{8423B1D5-6FCA-4604-88FB-C6E20FE15486}.Ad-Hoc|Any CPU.ActiveCfg = Release|Any CPU
		{8423B1D5-6FCA-4604-88FB-C6E20FE15486}.Ad-Hoc|Any CPU.Build.0 = Release|Any CPU
		{8423B1D5-6FCA-4604-88FB-C6E20FE15486}.Ad-Hoc|ARM.ActiveCfg = Release|Any CPU
		{8423B1D5-6FCA-4604-88FB-C6E20FE15486}.Ad-Hoc|iPhone.ActiveCfg = Release|Any CPU
		{8423B1D5-6FCA-4604-88FB-C6E20FE15486}.Ad-Hoc|iPhoneSimulator.ActiveCfg = Release|Any CPU
		{8423B1D5-6FCA-4604-88FB-C6E20FE15486}.Ad-Hoc|Mixed Platforms.ActiveCfg = Release|Any CPU
		{8423B1D5-6FCA-4604-88FB-C6E20FE15486}.Ad-Hoc|Mixed Platforms.Build.0 = Release|Any CPU
		{8423B1D5-6FCA-4604-88FB-C6E20FE15486}.Ad-Hoc|x86.ActiveCfg = Release|Any CPU
		{8423B1D5-6FCA-4604-88FB-C6E20FE15486}.AppStore|Any CPU.ActiveCfg = Release|Any CPU
		{8423B1D5-6FCA-4604-88FB-C6E20FE15486}.AppStore|Any CPU.Build.0 = Release|Any CPU
		{8423B1D5-6FCA-4604-88FB-C6E20FE15486}.AppStore|ARM.ActiveCfg = Release|Any CPU
		{8423B1D5-6FCA-4604-88FB-C6E20FE15486}.AppStore|iPhone.ActiveCfg = Release|Any CPU
		{8423B1D5-6FCA-4604-88FB-C6E20FE15486}.AppStore|iPhoneSimulator.ActiveCfg = Release|Any CPU
		{8423B1D5-6FCA-4604-88FB-C6E20FE15486}.AppStore|Mixed Platforms.ActiveCfg = Release|Any CPU
		{8423B1D5-6FCA-4604-88FB-C6E20FE15486}.AppStore|Mixed Platforms.Build.0 = Release|Any CPU
		{8423B1D5-6FCA-4604-88FB-C6E20FE15486}.AppStore|x86.ActiveCfg = Release|Any CPU
		{8423B1D5-6FCA-4604-88FB-C6E20FE15486}.Debug|Any CPU.ActiveCfg = Debug|Any CPU
		{8423B1D5-6FCA-4604-88FB-C6E20FE15486}.Debug|Any CPU.Build.0 = Debug|Any CPU
		{8423B1D5-6FCA-4604-88FB-C6E20FE15486}.Debug|ARM.ActiveCfg = Debug|Any CPU
		{8423B1D5-6FCA-4604-88FB-C6E20FE15486}.Debug|iPhone.ActiveCfg = Debug|Any CPU
		{8423B1D5-6FCA-4604-88FB-C6E20FE15486}.Debug|iPhoneSimulator.ActiveCfg = Debug|Any CPU
		{8423B1D5-6FCA-4604-88FB-C6E20FE15486}.Debug|Mixed Platforms.ActiveCfg = Debug|Any CPU
		{8423B1D5-6FCA-4604-88FB-C6E20FE15486}.Debug|Mixed Platforms.Build.0 = Debug|Any CPU
		{8423B1D5-6FCA-4604-88FB-C6E20FE15486}.Debug|x86.ActiveCfg = Debug|Any CPU
		{8423B1D5-6FCA-4604-88FB-C6E20FE15486}.Release|Any CPU.ActiveCfg = Release|Any CPU
		{8423B1D5-6FCA-4604-88FB-C6E20FE15486}.Release|Any CPU.Build.0 = Release|Any CPU
		{8423B1D5-6FCA-4604-88FB-C6E20FE15486}.Release|ARM.ActiveCfg = Release|Any CPU
		{8423B1D5-6FCA-4604-88FB-C6E20FE15486}.Release|iPhone.ActiveCfg = Release|Any CPU
		{8423B1D5-6FCA-4604-88FB-C6E20FE15486}.Release|iPhoneSimulator.ActiveCfg = Release|Any CPU
		{8423B1D5-6FCA-4604-88FB-C6E20FE15486}.Release|Mixed Platforms.ActiveCfg = Release|Any CPU
		{8423B1D5-6FCA-4604-88FB-C6E20FE15486}.Release|Mixed Platforms.Build.0 = Release|Any CPU
		{8423B1D5-6FCA-4604-88FB-C6E20FE15486}.Release|x86.ActiveCfg = Release|Any CPU
		{8D03DFF4-46B8-423D-86F4-B3EAFC3A6AFE}.Ad-Hoc|Any CPU.ActiveCfg = Ad-Hoc|iPhone
		{8D03DFF4-46B8-423D-86F4-B3EAFC3A6AFE}.Ad-Hoc|ARM.ActiveCfg = Ad-Hoc|iPhone
		{8D03DFF4-46B8-423D-86F4-B3EAFC3A6AFE}.Ad-Hoc|iPhone.ActiveCfg = Ad-Hoc|iPhone
		{8D03DFF4-46B8-423D-86F4-B3EAFC3A6AFE}.Ad-Hoc|iPhone.Build.0 = Ad-Hoc|iPhone
		{8D03DFF4-46B8-423D-86F4-B3EAFC3A6AFE}.Ad-Hoc|iPhoneSimulator.ActiveCfg = Ad-Hoc|iPhoneSimulator
		{8D03DFF4-46B8-423D-86F4-B3EAFC3A6AFE}.Ad-Hoc|iPhoneSimulator.Build.0 = Ad-Hoc|iPhoneSimulator
		{8D03DFF4-46B8-423D-86F4-B3EAFC3A6AFE}.Ad-Hoc|Mixed Platforms.ActiveCfg = Ad-Hoc|iPhone
		{8D03DFF4-46B8-423D-86F4-B3EAFC3A6AFE}.Ad-Hoc|Mixed Platforms.Build.0 = Ad-Hoc|iPhone
		{8D03DFF4-46B8-423D-86F4-B3EAFC3A6AFE}.Ad-Hoc|x86.ActiveCfg = Ad-Hoc|iPhone
		{8D03DFF4-46B8-423D-86F4-B3EAFC3A6AFE}.AppStore|Any CPU.ActiveCfg = AppStore|iPhone
		{8D03DFF4-46B8-423D-86F4-B3EAFC3A6AFE}.AppStore|ARM.ActiveCfg = AppStore|iPhone
		{8D03DFF4-46B8-423D-86F4-B3EAFC3A6AFE}.AppStore|iPhone.ActiveCfg = AppStore|iPhone
		{8D03DFF4-46B8-423D-86F4-B3EAFC3A6AFE}.AppStore|iPhone.Build.0 = AppStore|iPhone
		{8D03DFF4-46B8-423D-86F4-B3EAFC3A6AFE}.AppStore|iPhoneSimulator.ActiveCfg = AppStore|iPhoneSimulator
		{8D03DFF4-46B8-423D-86F4-B3EAFC3A6AFE}.AppStore|iPhoneSimulator.Build.0 = AppStore|iPhoneSimulator
		{8D03DFF4-46B8-423D-86F4-B3EAFC3A6AFE}.AppStore|Mixed Platforms.ActiveCfg = AppStore|iPhone
		{8D03DFF4-46B8-423D-86F4-B3EAFC3A6AFE}.AppStore|Mixed Platforms.Build.0 = AppStore|iPhone
		{8D03DFF4-46B8-423D-86F4-B3EAFC3A6AFE}.AppStore|x86.ActiveCfg = AppStore|iPhone
		{8D03DFF4-46B8-423D-86F4-B3EAFC3A6AFE}.Debug|Any CPU.ActiveCfg = Debug|iPhone
		{8D03DFF4-46B8-423D-86F4-B3EAFC3A6AFE}.Debug|ARM.ActiveCfg = Debug|iPhone
		{8D03DFF4-46B8-423D-86F4-B3EAFC3A6AFE}.Debug|iPhone.ActiveCfg = Debug|iPhone
		{8D03DFF4-46B8-423D-86F4-B3EAFC3A6AFE}.Debug|iPhone.Build.0 = Debug|iPhone
		{8D03DFF4-46B8-423D-86F4-B3EAFC3A6AFE}.Debug|iPhoneSimulator.ActiveCfg = Debug|iPhoneSimulator
		{8D03DFF4-46B8-423D-86F4-B3EAFC3A6AFE}.Debug|iPhoneSimulator.Build.0 = Debug|iPhoneSimulator
		{8D03DFF4-46B8-423D-86F4-B3EAFC3A6AFE}.Debug|Mixed Platforms.ActiveCfg = Debug|iPhone
		{8D03DFF4-46B8-423D-86F4-B3EAFC3A6AFE}.Debug|Mixed Platforms.Build.0 = Debug|iPhone
		{8D03DFF4-46B8-423D-86F4-B3EAFC3A6AFE}.Debug|x86.ActiveCfg = Debug|iPhone
		{8D03DFF4-46B8-423D-86F4-B3EAFC3A6AFE}.Release|Any CPU.ActiveCfg = Release|iPhone
		{8D03DFF4-46B8-423D-86F4-B3EAFC3A6AFE}.Release|ARM.ActiveCfg = Release|iPhone
		{8D03DFF4-46B8-423D-86F4-B3EAFC3A6AFE}.Release|iPhone.ActiveCfg = Release|iPhone
		{8D03DFF4-46B8-423D-86F4-B3EAFC3A6AFE}.Release|iPhone.Build.0 = Release|iPhone
		{8D03DFF4-46B8-423D-86F4-B3EAFC3A6AFE}.Release|iPhoneSimulator.ActiveCfg = Release|iPhoneSimulator
		{8D03DFF4-46B8-423D-86F4-B3EAFC3A6AFE}.Release|iPhoneSimulator.Build.0 = Release|iPhoneSimulator
		{8D03DFF4-46B8-423D-86F4-B3EAFC3A6AFE}.Release|Mixed Platforms.ActiveCfg = Release|iPhone
		{8D03DFF4-46B8-423D-86F4-B3EAFC3A6AFE}.Release|Mixed Platforms.Build.0 = Release|iPhone
		{8D03DFF4-46B8-423D-86F4-B3EAFC3A6AFE}.Release|x86.ActiveCfg = Release|iPhone
		{E3D246B2-6599-410A-8408-FF6A46DF1694}.Ad-Hoc|Any CPU.ActiveCfg = Release|Any CPU
		{E3D246B2-6599-410A-8408-FF6A46DF1694}.Ad-Hoc|Any CPU.Build.0 = Release|Any CPU
		{E3D246B2-6599-410A-8408-FF6A46DF1694}.Ad-Hoc|Any CPU.Deploy.0 = Release|Any CPU
		{E3D246B2-6599-410A-8408-FF6A46DF1694}.Ad-Hoc|ARM.ActiveCfg = Release|Any CPU
		{E3D246B2-6599-410A-8408-FF6A46DF1694}.Ad-Hoc|iPhone.ActiveCfg = Release|Any CPU
		{E3D246B2-6599-410A-8408-FF6A46DF1694}.Ad-Hoc|iPhoneSimulator.ActiveCfg = Release|Any CPU
		{E3D246B2-6599-410A-8408-FF6A46DF1694}.Ad-Hoc|Mixed Platforms.ActiveCfg = Release|Any CPU
		{E3D246B2-6599-410A-8408-FF6A46DF1694}.Ad-Hoc|Mixed Platforms.Build.0 = Release|Any CPU
		{E3D246B2-6599-410A-8408-FF6A46DF1694}.Ad-Hoc|Mixed Platforms.Deploy.0 = Release|Any CPU
		{E3D246B2-6599-410A-8408-FF6A46DF1694}.Ad-Hoc|x86.ActiveCfg = Release|Any CPU
		{E3D246B2-6599-410A-8408-FF6A46DF1694}.AppStore|Any CPU.ActiveCfg = Release|Any CPU
		{E3D246B2-6599-410A-8408-FF6A46DF1694}.AppStore|Any CPU.Build.0 = Release|Any CPU
		{E3D246B2-6599-410A-8408-FF6A46DF1694}.AppStore|Any CPU.Deploy.0 = Release|Any CPU
		{E3D246B2-6599-410A-8408-FF6A46DF1694}.AppStore|ARM.ActiveCfg = Release|Any CPU
		{E3D246B2-6599-410A-8408-FF6A46DF1694}.AppStore|iPhone.ActiveCfg = Release|Any CPU
		{E3D246B2-6599-410A-8408-FF6A46DF1694}.AppStore|iPhoneSimulator.ActiveCfg = Release|Any CPU
		{E3D246B2-6599-410A-8408-FF6A46DF1694}.AppStore|Mixed Platforms.ActiveCfg = Release|Any CPU
		{E3D246B2-6599-410A-8408-FF6A46DF1694}.AppStore|Mixed Platforms.Build.0 = Release|Any CPU
		{E3D246B2-6599-410A-8408-FF6A46DF1694}.AppStore|Mixed Platforms.Deploy.0 = Release|Any CPU
		{E3D246B2-6599-410A-8408-FF6A46DF1694}.AppStore|x86.ActiveCfg = Release|Any CPU
		{E3D246B2-6599-410A-8408-FF6A46DF1694}.Debug|Any CPU.ActiveCfg = Debug|Any CPU
		{E3D246B2-6599-410A-8408-FF6A46DF1694}.Debug|Any CPU.Build.0 = Debug|Any CPU
		{E3D246B2-6599-410A-8408-FF6A46DF1694}.Debug|Any CPU.Deploy.0 = Debug|Any CPU
		{E3D246B2-6599-410A-8408-FF6A46DF1694}.Debug|ARM.ActiveCfg = Debug|Any CPU
		{E3D246B2-6599-410A-8408-FF6A46DF1694}.Debug|iPhone.ActiveCfg = Debug|Any CPU
		{E3D246B2-6599-410A-8408-FF6A46DF1694}.Debug|iPhoneSimulator.ActiveCfg = Debug|Any CPU
		{E3D246B2-6599-410A-8408-FF6A46DF1694}.Debug|Mixed Platforms.ActiveCfg = Debug|Any CPU
		{E3D246B2-6599-410A-8408-FF6A46DF1694}.Debug|Mixed Platforms.Build.0 = Debug|Any CPU
		{E3D246B2-6599-410A-8408-FF6A46DF1694}.Debug|Mixed Platforms.Deploy.0 = Debug|Any CPU
		{E3D246B2-6599-410A-8408-FF6A46DF1694}.Debug|x86.ActiveCfg = Debug|Any CPU
		{E3D246B2-6599-410A-8408-FF6A46DF1694}.Release|Any CPU.ActiveCfg = Release|Any CPU
		{E3D246B2-6599-410A-8408-FF6A46DF1694}.Release|Any CPU.Build.0 = Release|Any CPU
		{E3D246B2-6599-410A-8408-FF6A46DF1694}.Release|Any CPU.Deploy.0 = Release|Any CPU
		{E3D246B2-6599-410A-8408-FF6A46DF1694}.Release|ARM.ActiveCfg = Release|Any CPU
		{E3D246B2-6599-410A-8408-FF6A46DF1694}.Release|iPhone.ActiveCfg = Release|Any CPU
		{E3D246B2-6599-410A-8408-FF6A46DF1694}.Release|iPhoneSimulator.ActiveCfg = Release|Any CPU
		{E3D246B2-6599-410A-8408-FF6A46DF1694}.Release|Mixed Platforms.ActiveCfg = Release|Any CPU
		{E3D246B2-6599-410A-8408-FF6A46DF1694}.Release|Mixed Platforms.Build.0 = Release|Any CPU
		{E3D246B2-6599-410A-8408-FF6A46DF1694}.Release|Mixed Platforms.Deploy.0 = Release|Any CPU
		{E3D246B2-6599-410A-8408-FF6A46DF1694}.Release|x86.ActiveCfg = Release|Any CPU
		{D94D9769-FAF9-488E-B981-79C22E22A434}.Ad-Hoc|Any CPU.ActiveCfg = Release|Any CPU
		{D94D9769-FAF9-488E-B981-79C22E22A434}.Ad-Hoc|Any CPU.Build.0 = Release|Any CPU
		{D94D9769-FAF9-488E-B981-79C22E22A434}.Ad-Hoc|Any CPU.Deploy.0 = Release|Any CPU
		{D94D9769-FAF9-488E-B981-79C22E22A434}.Ad-Hoc|ARM.ActiveCfg = Release|ARM
		{D94D9769-FAF9-488E-B981-79C22E22A434}.Ad-Hoc|ARM.Build.0 = Release|ARM
		{D94D9769-FAF9-488E-B981-79C22E22A434}.Ad-Hoc|ARM.Deploy.0 = Release|ARM
		{D94D9769-FAF9-488E-B981-79C22E22A434}.Ad-Hoc|iPhone.ActiveCfg = Release|Any CPU
		{D94D9769-FAF9-488E-B981-79C22E22A434}.Ad-Hoc|iPhoneSimulator.ActiveCfg = Release|Any CPU
		{D94D9769-FAF9-488E-B981-79C22E22A434}.Ad-Hoc|Mixed Platforms.ActiveCfg = Release|x86
		{D94D9769-FAF9-488E-B981-79C22E22A434}.Ad-Hoc|Mixed Platforms.Build.0 = Release|x86
		{D94D9769-FAF9-488E-B981-79C22E22A434}.Ad-Hoc|Mixed Platforms.Deploy.0 = Release|x86
		{D94D9769-FAF9-488E-B981-79C22E22A434}.Ad-Hoc|x86.ActiveCfg = Release|x86
		{D94D9769-FAF9-488E-B981-79C22E22A434}.Ad-Hoc|x86.Build.0 = Release|x86
		{D94D9769-FAF9-488E-B981-79C22E22A434}.Ad-Hoc|x86.Deploy.0 = Release|x86
		{D94D9769-FAF9-488E-B981-79C22E22A434}.AppStore|Any CPU.ActiveCfg = Release|Any CPU
		{D94D9769-FAF9-488E-B981-79C22E22A434}.AppStore|Any CPU.Build.0 = Release|Any CPU
		{D94D9769-FAF9-488E-B981-79C22E22A434}.AppStore|Any CPU.Deploy.0 = Release|Any CPU
		{D94D9769-FAF9-488E-B981-79C22E22A434}.AppStore|ARM.ActiveCfg = Release|ARM
		{D94D9769-FAF9-488E-B981-79C22E22A434}.AppStore|ARM.Build.0 = Release|ARM
		{D94D9769-FAF9-488E-B981-79C22E22A434}.AppStore|ARM.Deploy.0 = Release|ARM
		{D94D9769-FAF9-488E-B981-79C22E22A434}.AppStore|iPhone.ActiveCfg = Release|Any CPU
		{D94D9769-FAF9-488E-B981-79C22E22A434}.AppStore|iPhoneSimulator.ActiveCfg = Release|Any CPU
		{D94D9769-FAF9-488E-B981-79C22E22A434}.AppStore|Mixed Platforms.ActiveCfg = Release|x86
		{D94D9769-FAF9-488E-B981-79C22E22A434}.AppStore|Mixed Platforms.Build.0 = Release|x86
		{D94D9769-FAF9-488E-B981-79C22E22A434}.AppStore|Mixed Platforms.Deploy.0 = Release|x86
		{D94D9769-FAF9-488E-B981-79C22E22A434}.AppStore|x86.ActiveCfg = Release|x86
		{D94D9769-FAF9-488E-B981-79C22E22A434}.AppStore|x86.Build.0 = Release|x86
		{D94D9769-FAF9-488E-B981-79C22E22A434}.AppStore|x86.Deploy.0 = Release|x86
		{D94D9769-FAF9-488E-B981-79C22E22A434}.Debug|Any CPU.ActiveCfg = Debug|Any CPU
		{D94D9769-FAF9-488E-B981-79C22E22A434}.Debug|Any CPU.Build.0 = Debug|Any CPU
		{D94D9769-FAF9-488E-B981-79C22E22A434}.Debug|Any CPU.Deploy.0 = Debug|Any CPU
		{D94D9769-FAF9-488E-B981-79C22E22A434}.Debug|ARM.ActiveCfg = Debug|ARM
		{D94D9769-FAF9-488E-B981-79C22E22A434}.Debug|ARM.Build.0 = Debug|ARM
		{D94D9769-FAF9-488E-B981-79C22E22A434}.Debug|ARM.Deploy.0 = Debug|ARM
		{D94D9769-FAF9-488E-B981-79C22E22A434}.Debug|iPhone.ActiveCfg = Debug|Any CPU
		{D94D9769-FAF9-488E-B981-79C22E22A434}.Debug|iPhoneSimulator.ActiveCfg = Debug|Any CPU
		{D94D9769-FAF9-488E-B981-79C22E22A434}.Debug|Mixed Platforms.ActiveCfg = Debug|x86
		{D94D9769-FAF9-488E-B981-79C22E22A434}.Debug|Mixed Platforms.Build.0 = Debug|x86
		{D94D9769-FAF9-488E-B981-79C22E22A434}.Debug|Mixed Platforms.Deploy.0 = Debug|x86
		{D94D9769-FAF9-488E-B981-79C22E22A434}.Debug|x86.ActiveCfg = Debug|x86
		{D94D9769-FAF9-488E-B981-79C22E22A434}.Debug|x86.Build.0 = Debug|x86
		{D94D9769-FAF9-488E-B981-79C22E22A434}.Debug|x86.Deploy.0 = Debug|x86
		{D94D9769-FAF9-488E-B981-79C22E22A434}.Release|Any CPU.ActiveCfg = Release|Any CPU
		{D94D9769-FAF9-488E-B981-79C22E22A434}.Release|Any CPU.Build.0 = Release|Any CPU
		{D94D9769-FAF9-488E-B981-79C22E22A434}.Release|Any CPU.Deploy.0 = Release|Any CPU
		{D94D9769-FAF9-488E-B981-79C22E22A434}.Release|ARM.ActiveCfg = Release|ARM
		{D94D9769-FAF9-488E-B981-79C22E22A434}.Release|ARM.Build.0 = Release|ARM
		{D94D9769-FAF9-488E-B981-79C22E22A434}.Release|ARM.Deploy.0 = Release|ARM
		{D94D9769-FAF9-488E-B981-79C22E22A434}.Release|iPhone.ActiveCfg = Release|Any CPU
		{D94D9769-FAF9-488E-B981-79C22E22A434}.Release|iPhoneSimulator.ActiveCfg = Release|Any CPU
		{D94D9769-FAF9-488E-B981-79C22E22A434}.Release|Mixed Platforms.ActiveCfg = Release|x86
		{D94D9769-FAF9-488E-B981-79C22E22A434}.Release|Mixed Platforms.Build.0 = Release|x86
		{D94D9769-FAF9-488E-B981-79C22E22A434}.Release|Mixed Platforms.Deploy.0 = Release|x86
		{D94D9769-FAF9-488E-B981-79C22E22A434}.Release|x86.ActiveCfg = Release|x86
		{D94D9769-FAF9-488E-B981-79C22E22A434}.Release|x86.Build.0 = Release|x86
		{D94D9769-FAF9-488E-B981-79C22E22A434}.Release|x86.Deploy.0 = Release|x86
		{67F9D3A8-F71E-4428-913F-C37AE82CDB24}.Ad-Hoc|Any CPU.ActiveCfg = Release|Any CPU
		{67F9D3A8-F71E-4428-913F-C37AE82CDB24}.Ad-Hoc|Any CPU.Build.0 = Release|Any CPU
		{67F9D3A8-F71E-4428-913F-C37AE82CDB24}.Ad-Hoc|ARM.ActiveCfg = Release|Any CPU
		{67F9D3A8-F71E-4428-913F-C37AE82CDB24}.Ad-Hoc|iPhone.ActiveCfg = Release|Any CPU
		{67F9D3A8-F71E-4428-913F-C37AE82CDB24}.Ad-Hoc|iPhoneSimulator.ActiveCfg = Release|Any CPU
		{67F9D3A8-F71E-4428-913F-C37AE82CDB24}.Ad-Hoc|Mixed Platforms.ActiveCfg = Release|Any CPU
		{67F9D3A8-F71E-4428-913F-C37AE82CDB24}.Ad-Hoc|Mixed Platforms.Build.0 = Release|Any CPU
		{67F9D3A8-F71E-4428-913F-C37AE82CDB24}.Ad-Hoc|x86.ActiveCfg = Release|Any CPU
		{67F9D3A8-F71E-4428-913F-C37AE82CDB24}.AppStore|Any CPU.ActiveCfg = Release|Any CPU
		{67F9D3A8-F71E-4428-913F-C37AE82CDB24}.AppStore|Any CPU.Build.0 = Release|Any CPU
		{67F9D3A8-F71E-4428-913F-C37AE82CDB24}.AppStore|ARM.ActiveCfg = Release|Any CPU
		{67F9D3A8-F71E-4428-913F-C37AE82CDB24}.AppStore|iPhone.ActiveCfg = Release|Any CPU
		{67F9D3A8-F71E-4428-913F-C37AE82CDB24}.AppStore|iPhoneSimulator.ActiveCfg = Release|Any CPU
		{67F9D3A8-F71E-4428-913F-C37AE82CDB24}.AppStore|Mixed Platforms.ActiveCfg = Release|Any CPU
		{67F9D3A8-F71E-4428-913F-C37AE82CDB24}.AppStore|Mixed Platforms.Build.0 = Release|Any CPU
		{67F9D3A8-F71E-4428-913F-C37AE82CDB24}.AppStore|x86.ActiveCfg = Release|Any CPU
		{67F9D3A8-F71E-4428-913F-C37AE82CDB24}.Debug|Any CPU.ActiveCfg = Debug|Any CPU
		{67F9D3A8-F71E-4428-913F-C37AE82CDB24}.Debug|Any CPU.Build.0 = Debug|Any CPU
		{67F9D3A8-F71E-4428-913F-C37AE82CDB24}.Debug|ARM.ActiveCfg = Debug|Any CPU
		{67F9D3A8-F71E-4428-913F-C37AE82CDB24}.Debug|iPhone.ActiveCfg = Debug|Any CPU
		{67F9D3A8-F71E-4428-913F-C37AE82CDB24}.Debug|iPhoneSimulator.ActiveCfg = Debug|Any CPU
		{67F9D3A8-F71E-4428-913F-C37AE82CDB24}.Debug|Mixed Platforms.ActiveCfg = Debug|Any CPU
		{67F9D3A8-F71E-4428-913F-C37AE82CDB24}.Debug|Mixed Platforms.Build.0 = Debug|Any CPU
		{67F9D3A8-F71E-4428-913F-C37AE82CDB24}.Debug|x86.ActiveCfg = Debug|Any CPU
		{67F9D3A8-F71E-4428-913F-C37AE82CDB24}.Release|Any CPU.ActiveCfg = Release|Any CPU
		{67F9D3A8-F71E-4428-913F-C37AE82CDB24}.Release|Any CPU.Build.0 = Release|Any CPU
		{67F9D3A8-F71E-4428-913F-C37AE82CDB24}.Release|ARM.ActiveCfg = Release|Any CPU
		{67F9D3A8-F71E-4428-913F-C37AE82CDB24}.Release|iPhone.ActiveCfg = Release|Any CPU
		{67F9D3A8-F71E-4428-913F-C37AE82CDB24}.Release|iPhoneSimulator.ActiveCfg = Release|Any CPU
		{67F9D3A8-F71E-4428-913F-C37AE82CDB24}.Release|Mixed Platforms.ActiveCfg = Release|Any CPU
		{67F9D3A8-F71E-4428-913F-C37AE82CDB24}.Release|Mixed Platforms.Build.0 = Release|Any CPU
		{67F9D3A8-F71E-4428-913F-C37AE82CDB24}.Release|x86.ActiveCfg = Release|Any CPU
	EndGlobalSection
	GlobalSection(SolutionProperties) = preSolution
		HideSolutionNode = FALSE
	EndGlobalSection
	GlobalSection(NestedProjects) = preSolution
		{8423B1D5-6FCA-4604-88FB-C6E20FE15486} = {C6B0C298-7DB9-4BC1-9E60-B0F854F8DFCA}
		{8D03DFF4-46B8-423D-86F4-B3EAFC3A6AFE} = {C6B0C298-7DB9-4BC1-9E60-B0F854F8DFCA}
		{E3D246B2-6599-410A-8408-FF6A46DF1694} = {C6B0C298-7DB9-4BC1-9E60-B0F854F8DFCA}
		{D94D9769-FAF9-488E-B981-79C22E22A434} = {C6B0C298-7DB9-4BC1-9E60-B0F854F8DFCA}
		{67F9D3A8-F71E-4428-913F-C37AE82CDB24} = {6A39CD2B-634E-497E-B008-CAB7E25C7A6C}
	EndGlobalSection
EndGlobal
