
Microsoft Visual Studio Solution File, Format Version 12.00
# Visual Studio 2013
VisualStudioVersion = 12.0.31101.0
MinimumVisualStudioVersion = 10.0.40219.1
Project("{2150E333-8FDC-42A3-9474-1A3956D46DE8}") = "Core", "Core", "{6A39CD2B-634E-497E-B008-CAB7E25C7A6C}"
EndProject
Project("{FAE04EC0-301F-11D3-BF4B-00C04F79EFBC}") = "SimpleMVVM.Core", "SimpleMVVM.Core\SimpleMVVM.Core.csproj", "{67F9D3A8-F71E-4428-913F-C37AE82CDB24}"
EndProject
Project("{2150E333-8FDC-42A3-9474-1A3956D46DE8}") = "Sample", "Sample", "{FE3BAE52-E819-4FD5-B342-A2DF8FDE813C}"
EndProject
Project("{FAE04EC0-301F-11D3-BF4B-00C04F79EFBC}") = "SimpleMVVM.Sample", "SimpleMVVM.Sample\SimpleMVVM.Sample\SimpleMVVM.Sample.csproj", "{7D0ED0F7-0A7B-460F-96B2-ECAA100D0DEA}"
EndProject
Project("{FAE04EC0-301F-11D3-BF4B-00C04F79EFBC}") = "SimpleMVVM.Sample.iOS", "SimpleMVVM.Sample\SimpleMVVM.Sample.iOS\SimpleMVVM.Sample.iOS.csproj", "{47D349BE-F210-4584-9B0B-48FCF1FF0969}"
EndProject
Project("{FAE04EC0-301F-11D3-BF4B-00C04F79EFBC}") = "SimpleMVVM.Sample.Android", "SimpleMVVM.Sample\SimpleMVVM.Sample.Android\SimpleMVVM.Sample.Android.csproj", "{E096C5DF-3170-46E1-A358-724937519B8D}"
EndProject
Project("{FAE04EC0-301F-11D3-BF4B-00C04F79EFBC}") = "SimpleMVVM.Sample.WinPhone", "SimpleMVVM.Sample\SimpleMVVM.Sample.WinPhone\SimpleMVVM.Sample.WinPhone.csproj", "{195181D6-BF1D-4C3E-8DB7-4B226421D2F0}"
EndProject
Global
	GlobalSection(SolutionConfigurationPlatforms) = preSolution
		Ad-Hoc|Any CPU = Ad-Hoc|Any CPU
		Ad-Hoc|ARM = Ad-Hoc|ARM
		Ad-Hoc|iPhone = Ad-Hoc|iPhone
		Ad-Hoc|iPhoneSimulator = Ad-Hoc|iPhoneSimulator
		Ad-Hoc|Mixed Platforms = Ad-Hoc|Mixed Platforms
		Ad-Hoc|x86 = Ad-Hoc|x86
		AppStore|Any CPU = AppStore|Any CPU
		AppStore|ARM = AppStore|ARM
		AppStore|iPhone = AppStore|iPhone
		AppStore|iPhoneSimulator = AppStore|iPhoneSimulator
		AppStore|Mixed Platforms = AppStore|Mixed Platforms
		AppStore|x86 = AppStore|x86
		Debug|Any CPU = Debug|Any CPU
		Debug|ARM = Debug|ARM
		Debug|iPhone = Debug|iPhone
		Debug|iPhoneSimulator = Debug|iPhoneSimulator
		Debug|Mixed Platforms = Debug|Mixed Platforms
		Debug|x86 = Debug|x86
		Release|Any CPU = Release|Any CPU
		Release|ARM = Release|ARM
		Release|iPhone = Release|iPhone
		Release|iPhoneSimulator = Release|iPhoneSimulator
		Release|Mixed Platforms = Release|Mixed Platforms
		Release|x86 = Release|x86
	EndGlobalSection
	GlobalSection(ProjectConfigurationPlatforms) = postSolution
		{67F9D3A8-F71E-4428-913F-C37AE82CDB24}.Ad-Hoc|Any CPU.ActiveCfg = Release|Any CPU
		{67F9D3A8-F71E-4428-913F-C37AE82CDB24}.Ad-Hoc|Any CPU.Build.0 = Release|Any CPU
		{67F9D3A8-F71E-4428-913F-C37AE82CDB24}.Ad-Hoc|ARM.ActiveCfg = Release|Any CPU
		{67F9D3A8-F71E-4428-913F-C37AE82CDB24}.Ad-Hoc|iPhone.ActiveCfg = Release|Any CPU
		{67F9D3A8-F71E-4428-913F-C37AE82CDB24}.Ad-Hoc|iPhoneSimulator.ActiveCfg = Release|Any CPU
		{67F9D3A8-F71E-4428-913F-C37AE82CDB24}.Ad-Hoc|Mixed Platforms.ActiveCfg = Release|Any CPU
		{67F9D3A8-F71E-4428-913F-C37AE82CDB24}.Ad-Hoc|Mixed Platforms.Build.0 = Release|Any CPU
		{67F9D3A8-F71E-4428-913F-C37AE82CDB24}.Ad-Hoc|x86.ActiveCfg = Release|Any CPU
		{67F9D3A8-F71E-4428-913F-C37AE82CDB24}.AppStore|Any CPU.ActiveCfg = Release|Any CPU
		{67F9D3A8-F71E-4428-913F-C37AE82CDB24}.AppStore|Any CPU.Build.0 = Release|Any CPU
		{67F9D3A8-F71E-4428-913F-C37AE82CDB24}.AppStore|ARM.ActiveCfg = Release|Any CPU
		{67F9D3A8-F71E-4428-913F-C37AE82CDB24}.AppStore|iPhone.ActiveCfg = Release|Any CPU
		{67F9D3A8-F71E-4428-913F-C37AE82CDB24}.AppStore|iPhoneSimulator.ActiveCfg = Release|Any CPU
		{67F9D3A8-F71E-4428-913F-C37AE82CDB24}.AppStore|Mixed Platforms.ActiveCfg = Release|Any CPU
		{67F9D3A8-F71E-4428-913F-C37AE82CDB24}.AppStore|Mixed Platforms.Build.0 = Release|Any CPU
		{67F9D3A8-F71E-4428-913F-C37AE82CDB24}.AppStore|x86.ActiveCfg = Release|Any CPU
		{67F9D3A8-F71E-4428-913F-C37AE82CDB24}.Debug|Any CPU.ActiveCfg = Debug|Any CPU
		{67F9D3A8-F71E-4428-913F-C37AE82CDB24}.Debug|Any CPU.Build.0 = Debug|Any CPU
		{67F9D3A8-F71E-4428-913F-C37AE82CDB24}.Debug|ARM.ActiveCfg = Debug|Any CPU
		{67F9D3A8-F71E-4428-913F-C37AE82CDB24}.Debug|iPhone.ActiveCfg = Debug|Any CPU
		{67F9D3A8-F71E-4428-913F-C37AE82CDB24}.Debug|iPhoneSimulator.ActiveCfg = Debug|Any CPU
		{67F9D3A8-F71E-4428-913F-C37AE82CDB24}.Debug|Mixed Platforms.ActiveCfg = Debug|Any CPU
		{67F9D3A8-F71E-4428-913F-C37AE82CDB24}.Debug|Mixed Platforms.Build.0 = Debug|Any CPU
		{67F9D3A8-F71E-4428-913F-C37AE82CDB24}.Debug|x86.ActiveCfg = Debug|Any CPU
		{67F9D3A8-F71E-4428-913F-C37AE82CDB24}.Release|Any CPU.ActiveCfg = Release|Any CPU
		{67F9D3A8-F71E-4428-913F-C37AE82CDB24}.Release|Any CPU.Build.0 = Release|Any CPU
		{67F9D3A8-F71E-4428-913F-C37AE82CDB24}.Release|ARM.ActiveCfg = Release|Any CPU
		{67F9D3A8-F71E-4428-913F-C37AE82CDB24}.Release|iPhone.ActiveCfg = Release|Any CPU
		{67F9D3A8-F71E-4428-913F-C37AE82CDB24}.Release|iPhoneSimulator.ActiveCfg = Release|Any CPU
		{67F9D3A8-F71E-4428-913F-C37AE82CDB24}.Release|Mixed Platforms.ActiveCfg = Release|Any CPU
		{67F9D3A8-F71E-4428-913F-C37AE82CDB24}.Release|Mixed Platforms.Build.0 = Release|Any CPU
		{67F9D3A8-F71E-4428-913F-C37AE82CDB24}.Release|x86.ActiveCfg = Release|Any CPU
		{7D0ED0F7-0A7B-460F-96B2-ECAA100D0DEA}.Ad-Hoc|Any CPU.ActiveCfg = Release|Any CPU
		{7D0ED0F7-0A7B-460F-96B2-ECAA100D0DEA}.Ad-Hoc|Any CPU.Build.0 = Release|Any CPU
		{7D0ED0F7-0A7B-460F-96B2-ECAA100D0DEA}.Ad-Hoc|ARM.ActiveCfg = Release|Any CPU
		{7D0ED0F7-0A7B-460F-96B2-ECAA100D0DEA}.Ad-Hoc|iPhone.ActiveCfg = Release|Any CPU
		{7D0ED0F7-0A7B-460F-96B2-ECAA100D0DEA}.Ad-Hoc|iPhoneSimulator.ActiveCfg = Release|Any CPU
		{7D0ED0F7-0A7B-460F-96B2-ECAA100D0DEA}.Ad-Hoc|Mixed Platforms.ActiveCfg = Release|Any CPU
		{7D0ED0F7-0A7B-460F-96B2-ECAA100D0DEA}.Ad-Hoc|Mixed Platforms.Build.0 = Release|Any CPU
		{7D0ED0F7-0A7B-460F-96B2-ECAA100D0DEA}.Ad-Hoc|x86.ActiveCfg = Release|Any CPU
		{7D0ED0F7-0A7B-460F-96B2-ECAA100D0DEA}.AppStore|Any CPU.ActiveCfg = Release|Any CPU
		{7D0ED0F7-0A7B-460F-96B2-ECAA100D0DEA}.AppStore|Any CPU.Build.0 = Release|Any CPU
		{7D0ED0F7-0A7B-460F-96B2-ECAA100D0DEA}.AppStore|ARM.ActiveCfg = Release|Any CPU
		{7D0ED0F7-0A7B-460F-96B2-ECAA100D0DEA}.AppStore|iPhone.ActiveCfg = Release|Any CPU
		{7D0ED0F7-0A7B-460F-96B2-ECAA100D0DEA}.AppStore|iPhoneSimulator.ActiveCfg = Release|Any CPU
		{7D0ED0F7-0A7B-460F-96B2-ECAA100D0DEA}.AppStore|Mixed Platforms.ActiveCfg = Release|Any CPU
		{7D0ED0F7-0A7B-460F-96B2-ECAA100D0DEA}.AppStore|Mixed Platforms.Build.0 = Release|Any CPU
		{7D0ED0F7-0A7B-460F-96B2-ECAA100D0DEA}.AppStore|x86.ActiveCfg = Release|Any CPU
		{7D0ED0F7-0A7B-460F-96B2-ECAA100D0DEA}.Debug|Any CPU.ActiveCfg = Debug|Any CPU
		{7D0ED0F7-0A7B-460F-96B2-ECAA100D0DEA}.Debug|Any CPU.Build.0 = Debug|Any CPU
		{7D0ED0F7-0A7B-460F-96B2-ECAA100D0DEA}.Debug|ARM.ActiveCfg = Debug|Any CPU
		{7D0ED0F7-0A7B-460F-96B2-ECAA100D0DEA}.Debug|iPhone.ActiveCfg = Debug|Any CPU
		{7D0ED0F7-0A7B-460F-96B2-ECAA100D0DEA}.Debug|iPhoneSimulator.ActiveCfg = Debug|Any CPU
		{7D0ED0F7-0A7B-460F-96B2-ECAA100D0DEA}.Debug|Mixed Platforms.ActiveCfg = Debug|Any CPU
		{7D0ED0F7-0A7B-460F-96B2-ECAA100D0DEA}.Debug|Mixed Platforms.Build.0 = Debug|Any CPU
		{7D0ED0F7-0A7B-460F-96B2-ECAA100D0DEA}.Debug|x86.ActiveCfg = Debug|Any CPU
		{7D0ED0F7-0A7B-460F-96B2-ECAA100D0DEA}.Release|Any CPU.ActiveCfg = Release|Any CPU
		{7D0ED0F7-0A7B-460F-96B2-ECAA100D0DEA}.Release|Any CPU.Build.0 = Release|Any CPU
		{7D0ED0F7-0A7B-460F-96B2-ECAA100D0DEA}.Release|ARM.ActiveCfg = Release|Any CPU
		{7D0ED0F7-0A7B-460F-96B2-ECAA100D0DEA}.Release|iPhone.ActiveCfg = Release|Any CPU
		{7D0ED0F7-0A7B-460F-96B2-ECAA100D0DEA}.Release|iPhoneSimulator.ActiveCfg = Release|Any CPU
		{7D0ED0F7-0A7B-460F-96B2-ECAA100D0DEA}.Release|Mixed Platforms.ActiveCfg = Release|Any CPU
		{7D0ED0F7-0A7B-460F-96B2-ECAA100D0DEA}.Release|Mixed Platforms.Build.0 = Release|Any CPU
		{7D0ED0F7-0A7B-460F-96B2-ECAA100D0DEA}.Release|x86.ActiveCfg = Release|Any CPU
		{47D349BE-F210-4584-9B0B-48FCF1FF0969}.Ad-Hoc|Any CPU.ActiveCfg = Ad-Hoc|iPhone
		{47D349BE-F210-4584-9B0B-48FCF1FF0969}.Ad-Hoc|ARM.ActiveCfg = Ad-Hoc|iPhone
		{47D349BE-F210-4584-9B0B-48FCF1FF0969}.Ad-Hoc|iPhone.ActiveCfg = Ad-Hoc|iPhone
		{47D349BE-F210-4584-9B0B-48FCF1FF0969}.Ad-Hoc|iPhone.Build.0 = Ad-Hoc|iPhone
		{47D349BE-F210-4584-9B0B-48FCF1FF0969}.Ad-Hoc|iPhoneSimulator.ActiveCfg = Ad-Hoc|iPhoneSimulator
		{47D349BE-F210-4584-9B0B-48FCF1FF0969}.Ad-Hoc|iPhoneSimulator.Build.0 = Ad-Hoc|iPhoneSimulator
		{47D349BE-F210-4584-9B0B-48FCF1FF0969}.Ad-Hoc|Mixed Platforms.ActiveCfg = Ad-Hoc|iPhone
		{47D349BE-F210-4584-9B0B-48FCF1FF0969}.Ad-Hoc|Mixed Platforms.Build.0 = Ad-Hoc|iPhone
		{47D349BE-F210-4584-9B0B-48FCF1FF0969}.Ad-Hoc|x86.ActiveCfg = Ad-Hoc|iPhone
		{47D349BE-F210-4584-9B0B-48FCF1FF0969}.AppStore|Any CPU.ActiveCfg = AppStore|iPhone
		{47D349BE-F210-4584-9B0B-48FCF1FF0969}.AppStore|ARM.ActiveCfg = AppStore|iPhone
		{47D349BE-F210-4584-9B0B-48FCF1FF0969}.AppStore|iPhone.ActiveCfg = AppStore|iPhone
		{47D349BE-F210-4584-9B0B-48FCF1FF0969}.AppStore|iPhone.Build.0 = AppStore|iPhone
		{47D349BE-F210-4584-9B0B-48FCF1FF0969}.AppStore|iPhoneSimulator.ActiveCfg = AppStore|iPhoneSimulator
		{47D349BE-F210-4584-9B0B-48FCF1FF0969}.AppStore|iPhoneSimulator.Build.0 = AppStore|iPhoneSimulator
		{47D349BE-F210-4584-9B0B-48FCF1FF0969}.AppStore|Mixed Platforms.ActiveCfg = AppStore|iPhone
		{47D349BE-F210-4584-9B0B-48FCF1FF0969}.AppStore|Mixed Platforms.Build.0 = AppStore|iPhone
		{47D349BE-F210-4584-9B0B-48FCF1FF0969}.AppStore|x86.ActiveCfg = AppStore|iPhone
		{47D349BE-F210-4584-9B0B-48FCF1FF0969}.Debug|Any CPU.ActiveCfg = Debug|iPhone
		{47D349BE-F210-4584-9B0B-48FCF1FF0969}.Debug|ARM.ActiveCfg = Debug|iPhone
		{47D349BE-F210-4584-9B0B-48FCF1FF0969}.Debug|iPhone.ActiveCfg = Debug|iPhone
		{47D349BE-F210-4584-9B0B-48FCF1FF0969}.Debug|iPhone.Build.0 = Debug|iPhone
		{47D349BE-F210-4584-9B0B-48FCF1FF0969}.Debug|iPhoneSimulator.ActiveCfg = Debug|iPhoneSimulator
		{47D349BE-F210-4584-9B0B-48FCF1FF0969}.Debug|iPhoneSimulator.Build.0 = Debug|iPhoneSimulator
		{47D349BE-F210-4584-9B0B-48FCF1FF0969}.Debug|Mixed Platforms.ActiveCfg = Debug|iPhone
		{47D349BE-F210-4584-9B0B-48FCF1FF0969}.Debug|Mixed Platforms.Build.0 = Debug|iPhone
		{47D349BE-F210-4584-9B0B-48FCF1FF0969}.Debug|x86.ActiveCfg = Debug|iPhone
		{47D349BE-F210-4584-9B0B-48FCF1FF0969}.Release|Any CPU.ActiveCfg = Release|iPhone
		{47D349BE-F210-4584-9B0B-48FCF1FF0969}.Release|ARM.ActiveCfg = Release|iPhone
		{47D349BE-F210-4584-9B0B-48FCF1FF0969}.Release|iPhone.ActiveCfg = Release|iPhone
		{47D349BE-F210-4584-9B0B-48FCF1FF0969}.Release|iPhone.Build.0 = Release|iPhone
		{47D349BE-F210-4584-9B0B-48FCF1FF0969}.Release|iPhoneSimulator.ActiveCfg = Release|iPhoneSimulator
		{47D349BE-F210-4584-9B0B-48FCF1FF0969}.Release|iPhoneSimulator.Build.0 = Release|iPhoneSimulator
		{47D349BE-F210-4584-9B0B-48FCF1FF0969}.Release|Mixed Platforms.ActiveCfg = Release|iPhone
		{47D349BE-F210-4584-9B0B-48FCF1FF0969}.Release|Mixed Platforms.Build.0 = Release|iPhone
		{47D349BE-F210-4584-9B0B-48FCF1FF0969}.Release|x86.ActiveCfg = Release|iPhone
		{E096C5DF-3170-46E1-A358-724937519B8D}.Ad-Hoc|Any CPU.ActiveCfg = Release|Any CPU
		{E096C5DF-3170-46E1-A358-724937519B8D}.Ad-Hoc|Any CPU.Build.0 = Release|Any CPU
		{E096C5DF-3170-46E1-A358-724937519B8D}.Ad-Hoc|Any CPU.Deploy.0 = Release|Any CPU
		{E096C5DF-3170-46E1-A358-724937519B8D}.Ad-Hoc|ARM.ActiveCfg = Release|Any CPU
		{E096C5DF-3170-46E1-A358-724937519B8D}.Ad-Hoc|iPhone.ActiveCfg = Release|Any CPU
		{E096C5DF-3170-46E1-A358-724937519B8D}.Ad-Hoc|iPhoneSimulator.ActiveCfg = Release|Any CPU
		{E096C5DF-3170-46E1-A358-724937519B8D}.Ad-Hoc|Mixed Platforms.ActiveCfg = Release|Any CPU
		{E096C5DF-3170-46E1-A358-724937519B8D}.Ad-Hoc|Mixed Platforms.Build.0 = Release|Any CPU
		{E096C5DF-3170-46E1-A358-724937519B8D}.Ad-Hoc|Mixed Platforms.Deploy.0 = Release|Any CPU
		{E096C5DF-3170-46E1-A358-724937519B8D}.Ad-Hoc|x86.ActiveCfg = Release|Any CPU
		{E096C5DF-3170-46E1-A358-724937519B8D}.AppStore|Any CPU.ActiveCfg = Release|Any CPU
		{E096C5DF-3170-46E1-A358-724937519B8D}.AppStore|Any CPU.Build.0 = Release|Any CPU
		{E096C5DF-3170-46E1-A358-724937519B8D}.AppStore|Any CPU.Deploy.0 = Release|Any CPU
		{E096C5DF-3170-46E1-A358-724937519B8D}.AppStore|ARM.ActiveCfg = Release|Any CPU
		{E096C5DF-3170-46E1-A358-724937519B8D}.AppStore|iPhone.ActiveCfg = Release|Any CPU
		{E096C5DF-3170-46E1-A358-724937519B8D}.AppStore|iPhoneSimulator.ActiveCfg = Release|Any CPU
		{E096C5DF-3170-46E1-A358-724937519B8D}.AppStore|Mixed Platforms.ActiveCfg = Release|Any CPU
		{E096C5DF-3170-46E1-A358-724937519B8D}.AppStore|Mixed Platforms.Build.0 = Release|Any CPU
		{E096C5DF-3170-46E1-A358-724937519B8D}.AppStore|Mixed Platforms.Deploy.0 = Release|Any CPU
		{E096C5DF-3170-46E1-A358-724937519B8D}.AppStore|x86.ActiveCfg = Release|Any CPU
		{E096C5DF-3170-46E1-A358-724937519B8D}.Debug|Any CPU.ActiveCfg = Debug|Any CPU
		{E096C5DF-3170-46E1-A358-724937519B8D}.Debug|Any CPU.Build.0 = Debug|Any CPU
		{E096C5DF-3170-46E1-A358-724937519B8D}.Debug|Any CPU.Deploy.0 = Debug|Any CPU
		{E096C5DF-3170-46E1-A358-724937519B8D}.Debug|ARM.ActiveCfg = Debug|Any CPU
		{E096C5DF-3170-46E1-A358-724937519B8D}.Debug|iPhone.ActiveCfg = Debug|Any CPU
		{E096C5DF-3170-46E1-A358-724937519B8D}.Debug|iPhoneSimulator.ActiveCfg = Debug|Any CPU
		{E096C5DF-3170-46E1-A358-724937519B8D}.Debug|Mixed Platforms.ActiveCfg = Debug|Any CPU
		{E096C5DF-3170-46E1-A358-724937519B8D}.Debug|Mixed Platforms.Build.0 = Debug|Any CPU
		{E096C5DF-3170-46E1-A358-724937519B8D}.Debug|Mixed Platforms.Deploy.0 = Debug|Any CPU
		{E096C5DF-3170-46E1-A358-724937519B8D}.Debug|x86.ActiveCfg = Debug|Any CPU
		{E096C5DF-3170-46E1-A358-724937519B8D}.Release|Any CPU.ActiveCfg = Release|Any CPU
		{E096C5DF-3170-46E1-A358-724937519B8D}.Release|Any CPU.Build.0 = Release|Any CPU
		{E096C5DF-3170-46E1-A358-724937519B8D}.Release|Any CPU.Deploy.0 = Release|Any CPU
		{E096C5DF-3170-46E1-A358-724937519B8D}.Release|ARM.ActiveCfg = Release|Any CPU
		{E096C5DF-3170-46E1-A358-724937519B8D}.Release|iPhone.ActiveCfg = Release|Any CPU
		{E096C5DF-3170-46E1-A358-724937519B8D}.Release|iPhoneSimulator.ActiveCfg = Release|Any CPU
		{E096C5DF-3170-46E1-A358-724937519B8D}.Release|Mixed Platforms.ActiveCfg = Release|Any CPU
		{E096C5DF-3170-46E1-A358-724937519B8D}.Release|Mixed Platforms.Build.0 = Release|Any CPU
		{E096C5DF-3170-46E1-A358-724937519B8D}.Release|Mixed Platforms.Deploy.0 = Release|Any CPU
		{E096C5DF-3170-46E1-A358-724937519B8D}.Release|x86.ActiveCfg = Release|Any CPU
		{195181D6-BF1D-4C3E-8DB7-4B226421D2F0}.Ad-Hoc|Any CPU.ActiveCfg = Release|Any CPU
		{195181D6-BF1D-4C3E-8DB7-4B226421D2F0}.Ad-Hoc|Any CPU.Build.0 = Release|Any CPU
		{195181D6-BF1D-4C3E-8DB7-4B226421D2F0}.Ad-Hoc|Any CPU.Deploy.0 = Release|Any CPU
		{195181D6-BF1D-4C3E-8DB7-4B226421D2F0}.Ad-Hoc|ARM.ActiveCfg = Release|ARM
		{195181D6-BF1D-4C3E-8DB7-4B226421D2F0}.Ad-Hoc|ARM.Build.0 = Release|ARM
		{195181D6-BF1D-4C3E-8DB7-4B226421D2F0}.Ad-Hoc|ARM.Deploy.0 = Release|ARM
		{195181D6-BF1D-4C3E-8DB7-4B226421D2F0}.Ad-Hoc|iPhone.ActiveCfg = Release|Any CPU
		{195181D6-BF1D-4C3E-8DB7-4B226421D2F0}.Ad-Hoc|iPhoneSimulator.ActiveCfg = Release|Any CPU
		{195181D6-BF1D-4C3E-8DB7-4B226421D2F0}.Ad-Hoc|Mixed Platforms.ActiveCfg = Release|x86
		{195181D6-BF1D-4C3E-8DB7-4B226421D2F0}.Ad-Hoc|Mixed Platforms.Build.0 = Release|x86
		{195181D6-BF1D-4C3E-8DB7-4B226421D2F0}.Ad-Hoc|Mixed Platforms.Deploy.0 = Release|x86
		{195181D6-BF1D-4C3E-8DB7-4B226421D2F0}.Ad-Hoc|x86.ActiveCfg = Release|x86
		{195181D6-BF1D-4C3E-8DB7-4B226421D2F0}.Ad-Hoc|x86.Build.0 = Release|x86
		{195181D6-BF1D-4C3E-8DB7-4B226421D2F0}.Ad-Hoc|x86.Deploy.0 = Release|x86
		{195181D6-BF1D-4C3E-8DB7-4B226421D2F0}.AppStore|Any CPU.ActiveCfg = Release|Any CPU
		{195181D6-BF1D-4C3E-8DB7-4B226421D2F0}.AppStore|Any CPU.Build.0 = Release|Any CPU
		{195181D6-BF1D-4C3E-8DB7-4B226421D2F0}.AppStore|Any CPU.Deploy.0 = Release|Any CPU
		{195181D6-BF1D-4C3E-8DB7-4B226421D2F0}.AppStore|ARM.ActiveCfg = Release|ARM
		{195181D6-BF1D-4C3E-8DB7-4B226421D2F0}.AppStore|ARM.Build.0 = Release|ARM
		{195181D6-BF1D-4C3E-8DB7-4B226421D2F0}.AppStore|ARM.Deploy.0 = Release|ARM
		{195181D6-BF1D-4C3E-8DB7-4B226421D2F0}.AppStore|iPhone.ActiveCfg = Release|Any CPU
		{195181D6-BF1D-4C3E-8DB7-4B226421D2F0}.AppStore|iPhoneSimulator.ActiveCfg = Release|Any CPU
		{195181D6-BF1D-4C3E-8DB7-4B226421D2F0}.AppStore|Mixed Platforms.ActiveCfg = Release|x86
		{195181D6-BF1D-4C3E-8DB7-4B226421D2F0}.AppStore|Mixed Platforms.Build.0 = Release|x86
		{195181D6-BF1D-4C3E-8DB7-4B226421D2F0}.AppStore|Mixed Platforms.Deploy.0 = Release|x86
		{195181D6-BF1D-4C3E-8DB7-4B226421D2F0}.AppStore|x86.ActiveCfg = Release|x86
		{195181D6-BF1D-4C3E-8DB7-4B226421D2F0}.AppStore|x86.Build.0 = Release|x86
		{195181D6-BF1D-4C3E-8DB7-4B226421D2F0}.AppStore|x86.Deploy.0 = Release|x86
		{195181D6-BF1D-4C3E-8DB7-4B226421D2F0}.Debug|Any CPU.ActiveCfg = Debug|Any CPU
		{195181D6-BF1D-4C3E-8DB7-4B226421D2F0}.Debug|Any CPU.Build.0 = Debug|Any CPU
		{195181D6-BF1D-4C3E-8DB7-4B226421D2F0}.Debug|Any CPU.Deploy.0 = Debug|Any CPU
		{195181D6-BF1D-4C3E-8DB7-4B226421D2F0}.Debug|ARM.ActiveCfg = Debug|ARM
		{195181D6-BF1D-4C3E-8DB7-4B226421D2F0}.Debug|ARM.Build.0 = Debug|ARM
		{195181D6-BF1D-4C3E-8DB7-4B226421D2F0}.Debug|ARM.Deploy.0 = Debug|ARM
		{195181D6-BF1D-4C3E-8DB7-4B226421D2F0}.Debug|iPhone.ActiveCfg = Debug|Any CPU
		{195181D6-BF1D-4C3E-8DB7-4B226421D2F0}.Debug|iPhoneSimulator.ActiveCfg = Debug|Any CPU
		{195181D6-BF1D-4C3E-8DB7-4B226421D2F0}.Debug|Mixed Platforms.ActiveCfg = Debug|x86
		{195181D6-BF1D-4C3E-8DB7-4B226421D2F0}.Debug|Mixed Platforms.Build.0 = Debug|x86
		{195181D6-BF1D-4C3E-8DB7-4B226421D2F0}.Debug|Mixed Platforms.Deploy.0 = Debug|x86
		{195181D6-BF1D-4C3E-8DB7-4B226421D2F0}.Debug|x86.ActiveCfg = Debug|x86
		{195181D6-BF1D-4C3E-8DB7-4B226421D2F0}.Debug|x86.Build.0 = Debug|x86
		{195181D6-BF1D-4C3E-8DB7-4B226421D2F0}.Debug|x86.Deploy.0 = Debug|x86
		{195181D6-BF1D-4C3E-8DB7-4B226421D2F0}.Release|Any CPU.ActiveCfg = Release|Any CPU
		{195181D6-BF1D-4C3E-8DB7-4B226421D2F0}.Release|Any CPU.Build.0 = Release|Any CPU
		{195181D6-BF1D-4C3E-8DB7-4B226421D2F0}.Release|Any CPU.Deploy.0 = Release|Any CPU
		{195181D6-BF1D-4C3E-8DB7-4B226421D2F0}.Release|ARM.ActiveCfg = Release|ARM
		{195181D6-BF1D-4C3E-8DB7-4B226421D2F0}.Release|ARM.Build.0 = Release|ARM
		{195181D6-BF1D-4C3E-8DB7-4B226421D2F0}.Release|ARM.Deploy.0 = Release|ARM
		{195181D6-BF1D-4C3E-8DB7-4B226421D2F0}.Release|iPhone.ActiveCfg = Release|Any CPU
		{195181D6-BF1D-4C3E-8DB7-4B226421D2F0}.Release|iPhoneSimulator.ActiveCfg = Release|Any CPU
		{195181D6-BF1D-4C3E-8DB7-4B226421D2F0}.Release|Mixed Platforms.ActiveCfg = Release|x86
		{195181D6-BF1D-4C3E-8DB7-4B226421D2F0}.Release|Mixed Platforms.Build.0 = Release|x86
		{195181D6-BF1D-4C3E-8DB7-4B226421D2F0}.Release|Mixed Platforms.Deploy.0 = Release|x86
		{195181D6-BF1D-4C3E-8DB7-4B226421D2F0}.Release|x86.ActiveCfg = Release|x86
		{195181D6-BF1D-4C3E-8DB7-4B226421D2F0}.Release|x86.Build.0 = Release|x86
		{195181D6-BF1D-4C3E-8DB7-4B226421D2F0}.Release|x86.Deploy.0 = Release|x86
	EndGlobalSection
	GlobalSection(SolutionProperties) = preSolution
		HideSolutionNode = FALSE
	EndGlobalSection
	GlobalSection(NestedProjects) = preSolution
		{67F9D3A8-F71E-4428-913F-C37AE82CDB24} = {6A39CD2B-634E-497E-B008-CAB7E25C7A6C}
		{7D0ED0F7-0A7B-460F-96B2-ECAA100D0DEA} = {FE3BAE52-E819-4FD5-B342-A2DF8FDE813C}
		{47D349BE-F210-4584-9B0B-48FCF1FF0969} = {FE3BAE52-E819-4FD5-B342-A2DF8FDE813C}
		{E096C5DF-3170-46E1-A358-724937519B8D} = {FE3BAE52-E819-4FD5-B342-A2DF8FDE813C}
		{195181D6-BF1D-4C3E-8DB7-4B226421D2F0} = {FE3BAE52-E819-4FD5-B342-A2DF8FDE813C}
	EndGlobalSection
EndGlobal
